
Microsoft Visual Studio Solution File, Format Version 12.00
# Visual Studio Version 17
VisualStudioVersion = 17.7.34003.232
MinimumVisualStudioVersion = 10.0.40219.1
Project("{2150E333-8FDC-42A3-9474-1A3956D46DE8}") = "src", "src", "{25E185EC-F9EE-43C6-8B15-835753D546D1}"
EndProject
Project("{2150E333-8FDC-42A3-9474-1A3956D46DE8}") = "infra", "infra", "{134076F4-4096-4F3F-891F-A3AA7D13385D}"
	ProjectSection(SolutionItems) = preProject
		docker-compose.yml = docker-compose.yml
	EndProjectSection
EndProject
Project("{FAE04EC0-301F-11D3-BF4B-00C04F79EFBC}") = "Telemetry.Producer", "src\Telemetry.Producer\Telemetry.Producer.csproj", "{5AF3811C-83FB-4D89-83AD-34B031692886}"
EndProject
Global
	GlobalSection(SolutionProperties) = preSolution
		HideSolutionNode = FALSE
	EndGlobalSection
	GlobalSection(ExtensibilityGlobals) = postSolution
		SolutionGuid = {2690E734-3EAA-4E65-8724-32A65A4999B6}
	EndGlobalSection
	GlobalSection(NestedProjects) = preSolution
		{5AF3811C-83FB-4D89-83AD-34B031692886} = {25E185EC-F9EE-43C6-8B15-835753D546D1}
	EndGlobalSection
	GlobalSection(ProjectConfigurationPlatforms) = postSolution
	EndGlobalSection
EndGlobal
